// !$*UTF8*$!
{
	archiveVersion = 1;
	classes = {
	};
	objectVersion = 46;
	objects = {

/* Begin PBXBuildFile section */
		070575951F1E0296001E5260 /* PlaySoundsViewController.swift in Sources */ = {isa = PBXBuildFile; fileRef = 070575941F1E0296001E5260 /* PlaySoundsViewController.swift */; };
		079F45ED1EFCD0490048BC32 /* AppDelegate.swift in Sources */ = {isa = PBXBuildFile; fileRef = 079F45EC1EFCD0490048BC32 /* AppDelegate.swift */; };
		079F45EF1EFCD0490048BC32 /* RecordSoundsViewController.swift in Sources */ = {isa = PBXBuildFile; fileRef = 079F45EE1EFCD0490048BC32 /* RecordSoundsViewController.swift */; };
		079F45F21EFCD0490048BC32 /* Main.storyboard in Resources */ = {isa = PBXBuildFile; fileRef = 079F45F01EFCD0490048BC32 /* Main.storyboard */; };
		079F45F41EFCD0490048BC32 /* Assets.xcassets in Resources */ = {isa = PBXBuildFile; fileRef = 079F45F31EFCD0490048BC32 /* Assets.xcassets */; };
		079F45F71EFCD0490048BC32 /* LaunchScreen.storyboard in Resources */ = {isa = PBXBuildFile; fileRef = 079F45F51EFCD0490048BC32 /* LaunchScreen.storyboard */; };
		961A99AA1F20677E00EB55FF /* playsoundsviewcontroller-audio.swift in Sources */ = {isa = PBXBuildFile; fileRef = 961A99A91F20677E00EB55FF /* playsoundsviewcontroller-audio.swift */; };
/* End PBXBuildFile section */

/* Begin PBXFileReference section */
		070575941F1E0296001E5260 /* PlaySoundsViewController.swift */ = {isa = PBXFileReference; fileEncoding = 4; lastKnownFileType = sourcecode.swift; path = PlaySoundsViewController.swift; sourceTree = "<group>"; };
		079F45E91EFCD0490048BC32 /* PitchPerfect.app */ = {isa = PBXFileReference; explicitFileType = wrapper.application; includeInIndex = 0; path = PitchPerfect.app; sourceTree = BUILT_PRODUCTS_DIR; };
		079F45EC1EFCD0490048BC32 /* AppDelegate.swift */ = {isa = PBXFileReference; lastKnownFileType = sourcecode.swift; path = AppDelegate.swift; sourceTree = "<group>"; };
		079F45EE1EFCD0490048BC32 /* RecordSoundsViewController.swift */ = {isa = PBXFileReference; lastKnownFileType = sourcecode.swift; path = RecordSoundsViewController.swift; sourceTree = "<group>"; };
		079F45F11EFCD0490048BC32 /* Base */ = {isa = PBXFileReference; lastKnownFileType = file.storyboard; name = Base; path = Base.lproj/Main.storyboard; sourceTree = "<group>"; };
		079F45F31EFCD0490048BC32 /* Assets.xcassets */ = {isa = PBXFileReference; lastKnownFileType = folder.assetcatalog; path = Assets.xcassets; sourceTree = "<group>"; };
		079F45F61EFCD0490048BC32 /* Base */ = {isa = PBXFileReference; lastKnownFileType = file.storyboard; name = Base; path = Base.lproj/LaunchScreen.storyboard; sourceTree = "<group>"; };
		079F45F81EFCD0490048BC32 /* Info.plist */ = {isa = PBXFileReference; lastKnownFileType = text.plist.xml; path = Info.plist; sourceTree = "<group>"; };
		961A99A91F20677E00EB55FF /* playsoundsviewcontroller-audio.swift */ = {isa = PBXFileReference; fileEncoding = 4; lastKnownFileType = sourcecode.swift; path = "playsoundsviewcontroller-audio.swift"; sourceTree = "<group>"; };
/* End PBXFileReference section */

/* Begin PBXFrameworksBuildPhase section */
		079F45E61EFCD0490048BC32 /* Frameworks */ = {
			isa = PBXFrameworksBuildPhase;
			buildActionMask = 2147483647;
			files = (
			);
			runOnlyForDeploymentPostprocessing = 0;
		};
/* End PBXFrameworksBuildPhase section */

/* Begin PBXGroup section */
		079F45E01EFCD0490048BC32 = {
			isa = PBXGroup;
			children = (
				079F45EB1EFCD0490048BC32 /* PitchPerfect */,
				079F45EA1EFCD0490048BC32 /* Products */,
			);
			sourceTree = "<group>";
		};
		079F45EA1EFCD0490048BC32 /* Products */ = {
			isa = PBXGroup;
			children = (
				079F45E91EFCD0490048BC32 /* PitchPerfect.app */,
			);
			name = Products;
			sourceTree = "<group>";
		};
		079F45EB1EFCD0490048BC32 /* PitchPerfect */ = {
			isa = PBXGroup;
			children = (
				079F45EC1EFCD0490048BC32 /* AppDelegate.swift */,
				079F45EE1EFCD0490048BC32 /* RecordSoundsViewController.swift */,
				079F45F01EFCD0490048BC32 /* Main.storyboard */,
				079F45F31EFCD0490048BC32 /* Assets.xcassets */,
				079F45F51EFCD0490048BC32 /* LaunchScreen.storyboard */,
				079F45F81EFCD0490048BC32 /* Info.plist */,
				070575941F1E0296001E5260 /* PlaySoundsViewController.swift */,
				961A99A91F20677E00EB55FF /* playsoundsviewcontroller-audio.swift */,
			);
			path = PitchPerfect;
			sourceTree = "<group>";
		};
/* End PBXGroup section */

/* Begin PBXNativeTarget section */
		079F45E81EFCD0490048BC32 /* PitchPerfect */ = {
			isa = PBXNativeTarget;
			buildConfigurationList = 079F45FB1EFCD0490048BC32 /* Build configuration list for PBXNativeTarget "PitchPerfect" */;
			buildPhases = (
				079F45E51EFCD0490048BC32 /* Sources */,
				079F45E61EFCD0490048BC32 /* Frameworks */,
				079F45E71EFCD0490048BC32 /* Resources */,
			);
			buildRules = (
			);
			dependencies = (
			);
			name = PitchPerfect;
			productName = PitchPerfect;
			productReference = 079F45E91EFCD0490048BC32 /* PitchPerfect.app */;
			productType = "com.apple.product-type.application";
		};
/* End PBXNativeTarget section */

/* Begin PBXProject section */
		079F45E11EFCD0490048BC32 /* Project object */ = {
			isa = PBXProject;
			attributes = {
				LastSwiftUpdateCheck = 0800;
				LastUpgradeCheck = 0910;
				ORGANIZATIONNAME = jisung;
				TargetAttributes = {
					079F45E81EFCD0490048BC32 = {
						CreatedOnToolsVersion = 8.0;
						LastSwiftMigration = 0910;
						ProvisioningStyle = Automatic;
					};
				};
			};
			buildConfigurationList = 079F45E41EFCD0490048BC32 /* Build configuration list for PBXProject "PitchPerfect" */;
			compatibilityVersion = "Xcode 3.2";
			developmentRegion = English;
			hasScannedForEncodings = 0;
			knownRegions = (
				en,
				Base,
			);
			mainGroup = 079F45E01EFCD0490048BC32;
			productRefGroup = 079F45EA1EFCD0490048BC32 /* Products */;
			projectDirPath = "";
			projectRoot = "";
			targets = (
				079F45E81EFCD0490048BC32 /* PitchPerfect */,
			);
		};
/* End PBXProject section */

/* Begin PBXResourcesBuildPhase section */
		079F45E71EFCD0490048BC32 /* Resources */ = {
			isa = PBXResourcesBuildPhase;
			buildActionMask = 2147483647;
			files = (
				079F45F71EFCD0490048BC32 /* LaunchScreen.storyboard in Resources */,
				079F45F41EFCD0490048BC32 /* Assets.xcassets in Resources */,
				079F45F21EFCD0490048BC32 /* Main.storyboard in Resources */,
			);
			runOnlyForDeploymentPostprocessing = 0;
		};
/* End PBXResourcesBuildPhase section */

/* Begin PBXSourcesBuildPhase section */
		079F45E51EFCD0490048BC32 /* Sources */ = {
			isa = PBXSourcesBuildPhase;
			buildActionMask = 2147483647;
			files = (
				079F45EF1EFCD0490048BC32 /* RecordSoundsViewController.swift in Sources */,
				070575951F1E0296001E5260 /* PlaySoundsViewController.swift in Sources */,
				079F45ED1EFCD0490048BC32 /* AppDelegate.swift in Sources */,
				961A99AA1F20677E00EB55FF /* playsoundsviewcontroller-audio.swift in Sources */,
			);
			runOnlyForDeploymentPostprocessing = 0;
		};
/* End PBXSourcesBuildPhase section */

/* Begin PBXVariantGroup section */
		079F45F01EFCD0490048BC32 /* Main.storyboard */ = {
			isa = PBXVariantGroup;
			children = (
				079F45F11EFCD0490048BC32 /* Base */,
			);
			name = Main.storyboard;
			sourceTree = "<group>";
		};
		079F45F51EFCD0490048BC32 /* LaunchScreen.storyboard */ = {
			isa = PBXVariantGroup;
			children = (
				079F45F61EFCD0490048BC32 /* Base */,
			);
			name = LaunchScreen.storyboard;
			sourceTree = "<group>";
		};
/* End PBXVariantGroup section */

/* Begin XCBuildConfiguration section */
		079F45F91EFCD0490048BC32 /* Debug */ = {
			isa = XCBuildConfiguration;
			buildSettings = {
				ALWAYS_SEARCH_USER_PATHS = NO;
				CLANG_ANALYZER_NONNULL = YES;
				CLANG_CXX_LANGUAGE_STANDARD = "gnu++0x";
				CLANG_CXX_LIBRARY = "libc++";
				CLANG_ENABLE_MODULES = YES;
				CLANG_ENABLE_OBJC_ARC = YES;
				CLANG_WARN_BLOCK_CAPTURE_AUTORELEASING = YES;
				CLANG_WARN_BOOL_CONVERSION = YES;
				CLANG_WARN_COMMA = YES;
				CLANG_WARN_CONSTANT_CONVERSION = YES;
				CLANG_WARN_DIRECT_OBJC_ISA_USAGE = YES_ERROR;
				CLANG_WARN_DOCUMENTATION_COMMENTS = YES;
				CLANG_WARN_EMPTY_BODY = YES;
				CLANG_WARN_ENUM_CONVERSION = YES;
				CLANG_WARN_INFINITE_RECURSION = YES;
				CLANG_WARN_INT_CONVERSION = YES;
				CLANG_WARN_NON_LITERAL_NULL_CONVERSION = YES;
				CLANG_WARN_OBJC_LITERAL_CONVERSION = YES;
				CLANG_WARN_OBJC_ROOT_CLASS = YES_ERROR;
				CLANG_WARN_RANGE_LOOP_ANALYSIS = YES;
				CLANG_WARN_STRICT_PROTOTYPES = YES;
				CLANG_WARN_SUSPICIOUS_MOVE = YES;
				CLANG_WARN_SUSPICIOUS_MOVES = YES;
				CLANG_WARN_UNREACHABLE_CODE = YES;
				CLANG_WARN__DUPLICATE_METHOD_MATCH = YES;
				"CODE_SIGN_IDENTITY[sdk=iphoneos*]" = "iPhone Developer";
				COPY_PHASE_STRIP = NO;
				DEBUG_INFORMATION_FORMAT = dwarf;
				ENABLE_STRICT_OBJC_MSGSEND = YES;
				ENABLE_TESTABILITY = YES;
				GCC_C_LANGUAGE_STANDARD = gnu99;
				GCC_DYNAMIC_NO_PIC = NO;
				GCC_NO_COMMON_BLOCKS = YES;
				GCC_OPTIMIZATION_LEVEL = 0;
				GCC_PREPROCESSOR_DEFINITIONS = (
					"DEBUG=1",
					"$(inherited)",
				);
				GCC_WARN_64_TO_32_BIT_CONVERSION = YES;
				GCC_WARN_ABOUT_RETURN_TYPE = YES_ERROR;
				GCC_WARN_UNDECLARED_SELECTOR = YES;
				GCC_WARN_UNINITIALIZED_AUTOS = YES_AGGRESSIVE;
				GCC_WARN_UNUSED_FUNCTION = YES;
				GCC_WARN_UNUSED_VARIABLE = YES;
				IPHONEOS_DEPLOYMENT_TARGET = 10.0;
				MTL_ENABLE_DEBUG_INFO = YES;
				ONLY_ACTIVE_ARCH = YES;
				SDKROOT = iphoneos;
				SWIFT_ACTIVE_COMPILATION_CONDITIONS = DEBUG;
				SWIFT_OPTIMIZATION_LEVEL = "-Onone";
				TARGETED_DEVICE_FAMILY = "1,2";
			};
			name = Debug;
		};
		079F45FA1EFCD0490048BC32 /* Release */ = {
			isa = XCBuildConfiguration;
			buildSettings = {
				ALWAYS_SEARCH_USER_PATHS = NO;
				CLANG_ANALYZER_NONNULL = YES;
				CLANG_CXX_LANGUAGE_STANDARD = "gnu++0x";
				CLANG_CXX_LIBRARY = "libc++";
				CLANG_ENABLE_MODULES = YES;
				CLANG_ENABLE_OBJC_ARC = YES;
				CLANG_WARN_BLOCK_CAPTURE_AUTORELEASING = YES;
				CLANG_WARN_BOOL_CONVERSION = YES;
				CLANG_WARN_COMMA = YES;
				CLANG_WARN_CONSTANT_CONVERSION = YES;
				CLANG_WARN_DIRECT_OBJC_ISA_USAGE = YES_ERROR;
				CLANG_WARN_DOCUMENTATION_COMMENTS = YES;
				CLANG_WARN_EMPTY_BODY = YES;
				CLANG_WARN_ENUM_CONVERSION = YES;
				CLANG_WARN_INFINITE_RECURSION = YES;
				CLANG_WARN_INT_CONVERSION = YES;
				CLANG_WARN_NON_LITERAL_NULL_CONVERSION = YES;
				CLANG_WARN_OBJC_LITERAL_CONVERSION = YES;
				CLANG_WARN_OBJC_ROOT_CLASS = YES_ERROR;
				CLANG_WARN_RANGE_LOOP_ANALYSIS = YES;
				CLANG_WARN_STRICT_PROTOTYPES = YES;
				CLANG_WARN_SUSPICIOUS_MOVE = YES;
				CLANG_WARN_SUSPICIOUS_MOVES = YES;
				CLANG_WARN_UNREACHABLE_CODE = YES;
				CLANG_WARN__DUPLICATE_METHOD_MATCH = YES;
				"CODE_SIGN_IDENTITY[sdk=iphoneos*]" = "iPhone Developer";
				COPY_PHASE_STRIP = NO;
				DEBUG_INFORMATION_FORMAT = "dwarf-with-dsym";
				ENABLE_NS_ASSERTIONS = NO;
				ENABLE_STRICT_OBJC_MSGSEND = YES;
				GCC_C_LANGUAGE_STANDARD = gnu99;
				GCC_NO_COMMON_BLOCKS = YES;
				GCC_WARN_64_TO_32_BIT_CONVERSION = YES;
				GCC_WARN_ABOUT_RETURN_TYPE = YES_ERROR;
				GCC_WARN_UNDECLARED_SELECTOR = YES;
				GCC_WARN_UNINITIALIZED_AUTOS = YES_AGGRESSIVE;
				GCC_WARN_UNUSED_FUNCTION = YES;
				GCC_WARN_UNUSED_VARIABLE = YES;
				IPHONEOS_DEPLOYMENT_TARGET = 10.0;
				MTL_ENABLE_DEBUG_INFO = NO;
				SDKROOT = iphoneos;
				SWIFT_OPTIMIZATION_LEVEL = "-Owholemodule";
				TARGETED_DEVICE_FAMILY = "1,2";
				VALIDATE_PRODUCT = YES;
			};
			name = Release;
		};
		079F45FC1EFCD0490048BC32 /* Debug */ = {
			isa = XCBuildConfiguration;
			buildSettings = {
				ASSETCATALOG_COMPILER_APPICON_NAME = AppIcon;
				INFOPLIST_FILE = PitchPerfect/Info.plist;
				LD_RUNPATH_SEARCH_PATHS = "$(inherited) @executable_path/Frameworks";
				PRODUCT_BUNDLE_IDENTIFIER = jisungsproduce.PitchPerfect;
				PRODUCT_NAME = "$(TARGET_NAME)";
				SWIFT_VERSION = 4.0;
			};
			name = Debug;
		};
		079F45FD1EFCD0490048BC32 /* Release */ = {
			isa = XCBuildConfiguration;
			buildSettings = {
				ASSETCATALOG_COMPILER_APPICON_NAME = AppIcon;
				INFOPLIST_FILE = PitchPerfect/Info.plist;
				LD_RUNPATH_SEARCH_PATHS = "$(inherited) @executable_path/Frameworks";
				PRODUCT_BUNDLE_IDENTIFIER = jisungsproduce.PitchPerfect;
				PRODUCT_NAME = "$(TARGET_NAME)";
				SWIFT_VERSION = 4.0;
			};
			name = Release;
		};
/* End XCBuildConfiguration section */

/* Begin XCConfigurationList section */
		079F45E41EFCD0490048BC32 /* Build configuration list for PBXProject "PitchPerfect" */ = {
			isa = XCConfigurationList;
			buildConfigurations = (
				079F45F91EFCD0490048BC32 /* Debug */,
				079F45FA1EFCD0490048BC32 /* Release */,
			);
			defaultConfigurationIsVisible = 0;
			defaultConfigurationName = Release;
		};
		079F45FB1EFCD0490048BC32 /* Build configuration list for PBXNativeTarget "PitchPerfect" */ = {
			isa = XCConfigurationList;
			buildConfigurations = (
				079F45FC1EFCD0490048BC32 /* Debug */,
				079F45FD1EFCD0490048BC32 /* Release */,
			);
			defaultConfigurationIsVisible = 0;
			defaultConfigurationName = Release;
		};
/* End XCConfigurationList section */
	};
	rootObject = 079F45E11EFCD0490048BC32 /* Project object */;
}
